
Microsoft Visual Studio Solution File, Format Version 12.00
# Visual Studio Version 16
VisualStudioVersion = 16.0.32413.511
MinimumVisualStudioVersion = 10.0.40219.1
Project("{FAE04EC0-301F-11D3-BF4B-00C04F79EFBC}") = "CustomValidations", "CustomValidations\CustomValidations.csproj", "{D3DBC479-655E-4D40-8759-381B672698E6}"
EndProject
Global
	GlobalSection(SolutionConfigurationPlatforms) = preSolution
		Debug|Any CPU = Debug|Any CPU
		Release|Any CPU = Release|Any CPU
	EndGlobalSection
	GlobalSection(ProjectConfigurationPlatforms) = postSolution
		{D3DBC479-655E-4D40-8759-381B672698E6}.Debug|Any CPU.ActiveCfg = Debug|Any CPU
		{D3DBC479-655E-4D40-8759-381B672698E6}.Debug|Any CPU.Build.0 = Debug|Any CPU
		{D3DBC479-655E-4D40-8759-381B672698E6}.Release|Any CPU.ActiveCfg = Release|Any CPU
		{D3DBC479-655E-4D40-8759-381B672698E6}.Release|Any CPU.Build.0 = Release|Any CPU
	EndGlobalSection
	GlobalSection(SolutionProperties) = preSolution
		HideSolutionNode = FALSE
	EndGlobalSection
	GlobalSection(ExtensibilityGlobals) = postSolution
		SolutionGuid = {0266B414-59A6-4B3E-BF77-1E3B104F4BB7}
	EndGlobalSection
EndGlobal
