
Microsoft Visual Studio Solution File, Format Version 12.00
# Visual Studio Version 16
VisualStudioVersion = 16.0.32413.511
MinimumVisualStudioVersion = 10.0.40219.1
Project("{FAE04EC0-301F-11D3-BF4B-00C04F79EFBC}") = "TempData", "TempData\TempData.csproj", "{4D66EB03-AEB0-46B9-AE23-2C178B6FEAD4}"
EndProject
Global
	GlobalSection(SolutionConfigurationPlatforms) = preSolution
		Debug|Any CPU = Debug|Any CPU
		Release|Any CPU = Release|Any CPU
	EndGlobalSection
	GlobalSection(ProjectConfigurationPlatforms) = postSolution
		{4D66EB03-AEB0-46B9-AE23-2C178B6FEAD4}.Debug|Any CPU.ActiveCfg = Debug|Any CPU
		{4D66EB03-AEB0-46B9-AE23-2C178B6FEAD4}.Debug|Any CPU.Build.0 = Debug|Any CPU
		{4D66EB03-AEB0-46B9-AE23-2C178B6FEAD4}.Release|Any CPU.ActiveCfg = Release|Any CPU
		{4D66EB03-AEB0-46B9-AE23-2C178B6FEAD4}.Release|Any CPU.Build.0 = Release|Any CPU
	EndGlobalSection
	GlobalSection(SolutionProperties) = preSolution
		HideSolutionNode = FALSE
	EndGlobalSection
	GlobalSection(ExtensibilityGlobals) = postSolution
		SolutionGuid = {CF626C9D-B8AE-4175-B211-7FC23F92E17D}
	EndGlobalSection
EndGlobal
